{
  "pins" : [
    {
      "identity" : "procuret-swift",
      "kind" : "remoteSourceControl",
      "location" : "https://github.com/Procuret/procuret-swift",
      "state" : {
        "branch" : "main",
        "revision" : "8ce2e5670f41b39f27846d94255df1ac54d0c4ea"
      }
    }
  ],
  "version" : 2
}
