{
  "pins" : [
    {
      "identity" : "procuret-swift",
      "kind" : "remoteSourceControl",
      "location" : "https://github.com/Procuret/procuret-swift",
      "state" : {
        "branch" : "main",
        "revision" : "aa84288e6844c3469a9e7e8d766dccceaf9da4e4"
      }
    }
  ],
  "version" : 2
}
